
Microsoft Visual Studio Solution File, Format Version 11.00
# Visual Studio 2010
Project("{FAE04EC0-301F-11D3-BF4B-00C04F79EFBC}") = "StrangeAdventure", "Assembly-CSharp.csproj", "{76C4D275-1E29-F7B4-891B-D096E61CD14F}"
EndProject
Project("{FAE04EC0-301F-11D3-BF4B-00C04F79EFBC}") = "StrangeAdventure", "Assembly-CSharp-Editor.csproj", "{957DC542-2AD6-6AD1-20C6-6EFE13832781}"
EndProject
Global
	GlobalSection(SolutionConfigurationPlatforms) = preSolution
		Debug|Any CPU = Debug|Any CPU
		Release|Any CPU = Release|Any CPU
	EndGlobalSection
	GlobalSection(ProjectConfigurationPlatforms) = postSolution
		{76C4D275-1E29-F7B4-891B-D096E61CD14F}.Debug|Any CPU.ActiveCfg = Debug|Any CPU
		{76C4D275-1E29-F7B4-891B-D096E61CD14F}.Debug|Any CPU.Build.0 = Debug|Any CPU
		{76C4D275-1E29-F7B4-891B-D096E61CD14F}.Release|Any CPU.ActiveCfg = Release|Any CPU
		{76C4D275-1E29-F7B4-891B-D096E61CD14F}.Release|Any CPU.Build.0 = Release|Any CPU
		{957DC542-2AD6-6AD1-20C6-6EFE13832781}.Debug|Any CPU.ActiveCfg = Debug|Any CPU
		{957DC542-2AD6-6AD1-20C6-6EFE13832781}.Debug|Any CPU.Build.0 = Debug|Any CPU
		{957DC542-2AD6-6AD1-20C6-6EFE13832781}.Release|Any CPU.ActiveCfg = Release|Any CPU
		{957DC542-2AD6-6AD1-20C6-6EFE13832781}.Release|Any CPU.Build.0 = Release|Any CPU
	EndGlobalSection
	GlobalSection(SolutionProperties) = preSolution
		HideSolutionNode = FALSE
	EndGlobalSection
	GlobalSection(MonoDevelopProperties) = preSolution
		StartupItem = Assembly-CSharp.csproj
	EndGlobalSection
EndGlobal
